
Microsoft Visual Studio Solution File, Format Version 12.00
# Visual Studio 15
VisualStudioVersion = 15.0.27130.2020
MinimumVisualStudioVersion = 10.0.40219.1
Project("{FAE04EC0-301F-11D3-BF4B-00C04F79EFBC}") = "AccountLess", "AccountLess\AccountLess.csproj", "{F88F6038-3589-4003-8697-589F80F46ADE}"
EndProject
Global
	GlobalSection(SolutionConfigurationPlatforms) = preSolution
		Debug|Any CPU = Debug|Any CPU
		Release|Any CPU = Release|Any CPU
	EndGlobalSection
	GlobalSection(ProjectConfigurationPlatforms) = postSolution
		{F88F6038-3589-4003-8697-589F80F46ADE}.Debug|Any CPU.ActiveCfg = Debug|Any CPU
		{F88F6038-3589-4003-8697-589F80F46ADE}.Debug|Any CPU.Build.0 = Debug|Any CPU
		{F88F6038-3589-4003-8697-589F80F46ADE}.Release|Any CPU.ActiveCfg = Release|Any CPU
		{F88F6038-3589-4003-8697-589F80F46ADE}.Release|Any CPU.Build.0 = Release|Any CPU
	EndGlobalSection
	GlobalSection(SolutionProperties) = preSolution
		HideSolutionNode = FALSE
	EndGlobalSection
	GlobalSection(ExtensibilityGlobals) = postSolution
		SolutionGuid = {14A1B45F-2C8C-4D43-971C-09B5CAA0BBF4}
	EndGlobalSection
EndGlobal
